
Microsoft Visual Studio Solution File, Format Version 12.00
# Visual Studio Version 17
VisualStudioVersion = 17.0.31903.59
MinimumVisualStudioVersion = 10.0.40219.1
Project("{FAE04EC0-301F-11D3-BF4B-00C04F79EFBC}") = "TrialsSystem.IdentityService.Infrastructure", "TrialsSystem.IdentityService.Infrastructure\TrialsSystem.IdentityService.Infrastructure.csproj", "{903CB606-C54A-4946-AE88-E63F7DB8F8C2}"
EndProject
Project("{FAE04EC0-301F-11D3-BF4B-00C04F79EFBC}") = "TrialsSystem.IdentityService.Domain", "TrialsSystem.IdentityService.Domain\TrialsSystem.IdentityService.Domain.csproj", "{F5D0DBF9-DCAC-4EAF-A435-EBDFB92E7FF9}"
EndProject
Project("{FAE04EC0-301F-11D3-BF4B-00C04F79EFBC}") = "TrialsSystem.IdentityService.Api", "TrialsSystem.IdentityService.Api\TrialsSystem.IdentityService.Api.csproj", "{76072393-A621-458F-AC87-611DAC637384}"
EndProject
Global
	GlobalSection(SolutionConfigurationPlatforms) = preSolution
		Debug|Any CPU = Debug|Any CPU
		Release|Any CPU = Release|Any CPU
	EndGlobalSection
	GlobalSection(SolutionProperties) = preSolution
		HideSolutionNode = FALSE
	EndGlobalSection
	GlobalSection(ProjectConfigurationPlatforms) = postSolution
		{903CB606-C54A-4946-AE88-E63F7DB8F8C2}.Debug|Any CPU.ActiveCfg = Debug|Any CPU
		{903CB606-C54A-4946-AE88-E63F7DB8F8C2}.Debug|Any CPU.Build.0 = Debug|Any CPU
		{903CB606-C54A-4946-AE88-E63F7DB8F8C2}.Release|Any CPU.ActiveCfg = Release|Any CPU
		{903CB606-C54A-4946-AE88-E63F7DB8F8C2}.Release|Any CPU.Build.0 = Release|Any CPU
		{F5D0DBF9-DCAC-4EAF-A435-EBDFB92E7FF9}.Debug|Any CPU.ActiveCfg = Debug|Any CPU
		{F5D0DBF9-DCAC-4EAF-A435-EBDFB92E7FF9}.Debug|Any CPU.Build.0 = Debug|Any CPU
		{F5D0DBF9-DCAC-4EAF-A435-EBDFB92E7FF9}.Release|Any CPU.ActiveCfg = Release|Any CPU
		{F5D0DBF9-DCAC-4EAF-A435-EBDFB92E7FF9}.Release|Any CPU.Build.0 = Release|Any CPU
		{76072393-A621-458F-AC87-611DAC637384}.Debug|Any CPU.ActiveCfg = Debug|Any CPU
		{76072393-A621-458F-AC87-611DAC637384}.Debug|Any CPU.Build.0 = Debug|Any CPU
		{76072393-A621-458F-AC87-611DAC637384}.Release|Any CPU.ActiveCfg = Release|Any CPU
		{76072393-A621-458F-AC87-611DAC637384}.Release|Any CPU.Build.0 = Release|Any CPU
	EndGlobalSection
EndGlobal
